// !$*UTF8*$!
{
	archiveVersion = 1;
	classes = {
	};
	objectVersion = 56;
	objects = {

/* Begin PBXBuildFile section */
		5022CFFF2A5C2C6F003B0AE8 /* calendar_iosApp.swift in Sources */ = {isa = PBXBuildFile; fileRef = 5022CFFE2A5C2C6F003B0AE8 /* calendar_iosApp.swift */; };
		5022D0012A5C2C6F003B0AE8 /* ContentView.swift in Sources */ = {isa = PBXBuildFile; fileRef = 5022D0002A5C2C6F003B0AE8 /* ContentView.swift */; };
		5022D0032A5C2C70003B0AE8 /* Assets.xcassets in Resources */ = {isa = PBXBuildFile; fileRef = 5022D0022A5C2C70003B0AE8 /* Assets.xcassets */; };
		5022D0062A5C2C70003B0AE8 /* Preview Assets.xcassets in Resources */ = {isa = PBXBuildFile; fileRef = 5022D0052A5C2C70003B0AE8 /* Preview Assets.xcassets */; };
		5022D0102A5C2C70003B0AE8 /* calendar_iosTests.swift in Sources */ = {isa = PBXBuildFile; fileRef = 5022D00F2A5C2C70003B0AE8 /* calendar_iosTests.swift */; };
		5022D01A2A5C2C70003B0AE8 /* calendar_iosUITests.swift in Sources */ = {isa = PBXBuildFile; fileRef = 5022D0192A5C2C70003B0AE8 /* calendar_iosUITests.swift */; };
		5022D01C2A5C2C70003B0AE8 /* calendar_iosUITestsLaunchTests.swift in Sources */ = {isa = PBXBuildFile; fileRef = 5022D01B2A5C2C70003B0AE8 /* calendar_iosUITestsLaunchTests.swift */; };
/* End PBXBuildFile section */

/* Begin PBXContainerItemProxy section */
		5022D00C2A5C2C70003B0AE8 /* PBXContainerItemProxy */ = {
			isa = PBXContainerItemProxy;
			containerPortal = 5022CFF32A5C2C6F003B0AE8 /* Project object */;
			proxyType = 1;
			remoteGlobalIDString = 5022CFFA2A5C2C6F003B0AE8;
			remoteInfo = "calendar-ios";
		};
		5022D0162A5C2C70003B0AE8 /* PBXContainerItemProxy */ = {
			isa = PBXContainerItemProxy;
			containerPortal = 5022CFF32A5C2C6F003B0AE8 /* Project object */;
			proxyType = 1;
			remoteGlobalIDString = 5022CFFA2A5C2C6F003B0AE8;
			remoteInfo = "calendar-ios";
		};
/* End PBXContainerItemProxy section */

/* Begin PBXFileReference section */
		5022CFFB2A5C2C6F003B0AE8 /* calendar-ios.app */ = {isa = PBXFileReference; explicitFileType = wrapper.application; includeInIndex = 0; path = "calendar-ios.app"; sourceTree = BUILT_PRODUCTS_DIR; };
		5022CFFE2A5C2C6F003B0AE8 /* calendar_iosApp.swift */ = {isa = PBXFileReference; lastKnownFileType = sourcecode.swift; path = calendar_iosApp.swift; sourceTree = "<group>"; };
		5022D0002A5C2C6F003B0AE8 /* ContentView.swift */ = {isa = PBXFileReference; lastKnownFileType = sourcecode.swift; path = ContentView.swift; sourceTree = "<group>"; };
		5022D0022A5C2C70003B0AE8 /* Assets.xcassets */ = {isa = PBXFileReference; lastKnownFileType = folder.assetcatalog; path = Assets.xcassets; sourceTree = "<group>"; };
		5022D0052A5C2C70003B0AE8 /* Preview Assets.xcassets */ = {isa = PBXFileReference; lastKnownFileType = folder.assetcatalog; path = "Preview Assets.xcassets"; sourceTree = "<group>"; };
		5022D00B2A5C2C70003B0AE8 /* calendar-iosTests.xctest */ = {isa = PBXFileReference; explicitFileType = wrapper.cfbundle; includeInIndex = 0; path = "calendar-iosTests.xctest"; sourceTree = BUILT_PRODUCTS_DIR; };
		5022D00F2A5C2C70003B0AE8 /* calendar_iosTests.swift */ = {isa = PBXFileReference; lastKnownFileType = sourcecode.swift; path = calendar_iosTests.swift; sourceTree = "<group>"; };
		5022D0152A5C2C70003B0AE8 /* calendar-iosUITests.xctest */ = {isa = PBXFileReference; explicitFileType = wrapper.cfbundle; includeInIndex = 0; path = "calendar-iosUITests.xctest"; sourceTree = BUILT_PRODUCTS_DIR; };
		5022D0192A5C2C70003B0AE8 /* calendar_iosUITests.swift */ = {isa = PBXFileReference; lastKnownFileType = sourcecode.swift; path = calendar_iosUITests.swift; sourceTree = "<group>"; };
		5022D01B2A5C2C70003B0AE8 /* calendar_iosUITestsLaunchTests.swift */ = {isa = PBXFileReference; lastKnownFileType = sourcecode.swift; path = calendar_iosUITestsLaunchTests.swift; sourceTree = "<group>"; };
/* End PBXFileReference section */

/* Begin PBXFrameworksBuildPhase section */
		5022CFF82A5C2C6F003B0AE8 /* Frameworks */ = {
			isa = PBXFrameworksBuildPhase;
			buildActionMask = 2147483647;
			files = (
			);
			runOnlyForDeploymentPostprocessing = 0;
		};
		5022D0082A5C2C70003B0AE8 /* Frameworks */ = {
			isa = PBXFrameworksBuildPhase;
			buildActionMask = 2147483647;
			files = (
			);
			runOnlyForDeploymentPostprocessing = 0;
		};
		5022D0122A5C2C70003B0AE8 /* Frameworks */ = {
			isa = PBXFrameworksBuildPhase;
			buildActionMask = 2147483647;
			files = (
			);
			runOnlyForDeploymentPostprocessing = 0;
		};
/* End PBXFrameworksBuildPhase section */

/* Begin PBXGroup section */
		5022CFF22A5C2C6F003B0AE8 = {
			isa = PBXGroup;
			children = (
				5022CFFD2A5C2C6F003B0AE8 /* calendar-ios */,
				5022D00E2A5C2C70003B0AE8 /* calendar-iosTests */,
				5022D0182A5C2C70003B0AE8 /* calendar-iosUITests */,
				5022CFFC2A5C2C6F003B0AE8 /* Products */,
			);
			sourceTree = "<group>";
		};
		5022CFFC2A5C2C6F003B0AE8 /* Products */ = {
			isa = PBXGroup;
			children = (
				5022CFFB2A5C2C6F003B0AE8 /* calendar-ios.app */,
				5022D00B2A5C2C70003B0AE8 /* calendar-iosTests.xctest */,
				5022D0152A5C2C70003B0AE8 /* calendar-iosUITests.xctest */,
			);
			name = Products;
			sourceTree = "<group>";
		};
		5022CFFD2A5C2C6F003B0AE8 /* calendar-ios */ = {
			isa = PBXGroup;
			children = (
				5022CFFE2A5C2C6F003B0AE8 /* calendar_iosApp.swift */,
				5022D0002A5C2C6F003B0AE8 /* ContentView.swift */,
				5022D0022A5C2C70003B0AE8 /* Assets.xcassets */,
				5022D0042A5C2C70003B0AE8 /* Preview Content */,
			);
			path = "calendar-ios";
			sourceTree = "<group>";
		};
		5022D0042A5C2C70003B0AE8 /* Preview Content */ = {
			isa = PBXGroup;
			children = (
				5022D0052A5C2C70003B0AE8 /* Preview Assets.xcassets */,
			);
			path = "Preview Content";
			sourceTree = "<group>";
		};
		5022D00E2A5C2C70003B0AE8 /* calendar-iosTests */ = {
			isa = PBXGroup;
			children = (
				5022D00F2A5C2C70003B0AE8 /* calendar_iosTests.swift */,
			);
			path = "calendar-iosTests";
			sourceTree = "<group>";
		};
		5022D0182A5C2C70003B0AE8 /* calendar-iosUITests */ = {
			isa = PBXGroup;
			children = (
				5022D0192A5C2C70003B0AE8 /* calendar_iosUITests.swift */,
				5022D01B2A5C2C70003B0AE8 /* calendar_iosUITestsLaunchTests.swift */,
			);
			path = "calendar-iosUITests";
			sourceTree = "<group>";
		};
/* End PBXGroup section */

/* Begin PBXNativeTarget section */
		5022CFFA2A5C2C6F003B0AE8 /* calendar-ios */ = {
			isa = PBXNativeTarget;
			buildConfigurationList = 5022D01F2A5C2C70003B0AE8 /* Build configuration list for PBXNativeTarget "calendar-ios" */;
			buildPhases = (
				5022CFF72A5C2C6F003B0AE8 /* Sources */,
				5022CFF82A5C2C6F003B0AE8 /* Frameworks */,
				5022CFF92A5C2C6F003B0AE8 /* Resources */,
			);
			buildRules = (
			);
			dependencies = (
			);
			name = "calendar-ios";
			productName = "calendar-ios";
			productReference = 5022CFFB2A5C2C6F003B0AE8 /* calendar-ios.app */;
			productType = "com.apple.product-type.application";
		};
		5022D00A2A5C2C70003B0AE8 /* calendar-iosTests */ = {
			isa = PBXNativeTarget;
			buildConfigurationList = 5022D0222A5C2C70003B0AE8 /* Build configuration list for PBXNativeTarget "calendar-iosTests" */;
			buildPhases = (
				5022D0072A5C2C70003B0AE8 /* Sources */,
				5022D0082A5C2C70003B0AE8 /* Frameworks */,
				5022D0092A5C2C70003B0AE8 /* Resources */,
			);
			buildRules = (
			);
			dependencies = (
				5022D00D2A5C2C70003B0AE8 /* PBXTargetDependency */,
			);
			name = "calendar-iosTests";
			productName = "calendar-iosTests";
			productReference = 5022D00B2A5C2C70003B0AE8 /* calendar-iosTests.xctest */;
			productType = "com.apple.product-type.bundle.unit-test";
		};
		5022D0142A5C2C70003B0AE8 /* calendar-iosUITests */ = {
			isa = PBXNativeTarget;
			buildConfigurationList = 5022D0252A5C2C70003B0AE8 /* Build configuration list for PBXNativeTarget "calendar-iosUITests" */;
			buildPhases = (
				5022D0112A5C2C70003B0AE8 /* Sources */,
				5022D0122A5C2C70003B0AE8 /* Frameworks */,
				5022D0132A5C2C70003B0AE8 /* Resources */,
			);
			buildRules = (
			);
			dependencies = (
				5022D0172A5C2C70003B0AE8 /* PBXTargetDependency */,
			);
			name = "calendar-iosUITests";
			productName = "calendar-iosUITests";
			productReference = 5022D0152A5C2C70003B0AE8 /* calendar-iosUITests.xctest */;
			productType = "com.apple.product-type.bundle.ui-testing";
		};
/* End PBXNativeTarget section */

/* Begin PBXProject section */
		5022CFF32A5C2C6F003B0AE8 /* Project object */ = {
			isa = PBXProject;
			attributes = {
				BuildIndependentTargetsInParallel = 1;
				LastSwiftUpdateCheck = 1430;
				LastUpgradeCheck = 1430;
				TargetAttributes = {
					5022CFFA2A5C2C6F003B0AE8 = {
						CreatedOnToolsVersion = 14.3.1;
					};
					5022D00A2A5C2C70003B0AE8 = {
						CreatedOnToolsVersion = 14.3.1;
						TestTargetID = 5022CFFA2A5C2C6F003B0AE8;
					};
					5022D0142A5C2C70003B0AE8 = {
						CreatedOnToolsVersion = 14.3.1;
						TestTargetID = 5022CFFA2A5C2C6F003B0AE8;
					};
				};
			};
			buildConfigurationList = 5022CFF62A5C2C6F003B0AE8 /* Build configuration list for PBXProject "calendar-ios" */;
			compatibilityVersion = "Xcode 14.0";
			developmentRegion = en;
			hasScannedForEncodings = 0;
			knownRegions = (
				en,
				Base,
			);
			mainGroup = 5022CFF22A5C2C6F003B0AE8;
			productRefGroup = 5022CFFC2A5C2C6F003B0AE8 /* Products */;
			projectDirPath = "";
			projectRoot = "";
			targets = (
				5022CFFA2A5C2C6F003B0AE8 /* calendar-ios */,
				5022D00A2A5C2C70003B0AE8 /* calendar-iosTests */,
				5022D0142A5C2C70003B0AE8 /* calendar-iosUITests */,
			);
		};
/* End PBXProject section */

/* Begin PBXResourcesBuildPhase section */
		5022CFF92A5C2C6F003B0AE8 /* Resources */ = {
			isa = PBXResourcesBuildPhase;
			buildActionMask = 2147483647;
			files = (
				5022D0062A5C2C70003B0AE8 /* Preview Assets.xcassets in Resources */,
				5022D0032A5C2C70003B0AE8 /* Assets.xcassets in Resources */,
			);
			runOnlyForDeploymentPostprocessing = 0;
		};
		5022D0092A5C2C70003B0AE8 /* Resources */ = {
			isa = PBXResourcesBuildPhase;
			buildActionMask = 2147483647;
			files = (
			);
			runOnlyForDeploymentPostprocessing = 0;
		};
		5022D0132A5C2C70003B0AE8 /* Resources */ = {
			isa = PBXResourcesBuildPhase;
			buildActionMask = 2147483647;
			files = (
			);
			runOnlyForDeploymentPostprocessing = 0;
		};
/* End PBXResourcesBuildPhase section */

/* Begin PBXSourcesBuildPhase section */
		5022CFF72A5C2C6F003B0AE8 /* Sources */ = {
			isa = PBXSourcesBuildPhase;
			buildActionMask = 2147483647;
			files = (
				5022D0012A5C2C6F003B0AE8 /* ContentView.swift in Sources */,
				5022CFFF2A5C2C6F003B0AE8 /* calendar_iosApp.swift in Sources */,
			);
			runOnlyForDeploymentPostprocessing = 0;
		};
		5022D0072A5C2C70003B0AE8 /* Sources */ = {
			isa = PBXSourcesBuildPhase;
			buildActionMask = 2147483647;
			files = (
				5022D0102A5C2C70003B0AE8 /* calendar_iosTests.swift in Sources */,
			);
			runOnlyForDeploymentPostprocessing = 0;
		};
		5022D0112A5C2C70003B0AE8 /* Sources */ = {
			isa = PBXSourcesBuildPhase;
			buildActionMask = 2147483647;
			files = (
				5022D01C2A5C2C70003B0AE8 /* calendar_iosUITestsLaunchTests.swift in Sources */,
				5022D01A2A5C2C70003B0AE8 /* calendar_iosUITests.swift in Sources */,
			);
			runOnlyForDeploymentPostprocessing = 0;
		};
/* End PBXSourcesBuildPhase section */

/* Begin PBXTargetDependency section */
		5022D00D2A5C2C70003B0AE8 /* PBXTargetDependency */ = {
			isa = PBXTargetDependency;
			target = 5022CFFA2A5C2C6F003B0AE8 /* calendar-ios */;
			targetProxy = 5022D00C2A5C2C70003B0AE8 /* PBXContainerItemProxy */;
		};
		5022D0172A5C2C70003B0AE8 /* PBXTargetDependency */ = {
			isa = PBXTargetDependency;
			target = 5022CFFA2A5C2C6F003B0AE8 /* calendar-ios */;
			targetProxy = 5022D0162A5C2C70003B0AE8 /* PBXContainerItemProxy */;
		};
/* End PBXTargetDependency section */

/* Begin XCBuildConfiguration section */
		5022D01D2A5C2C70003B0AE8 /* Debug */ = {
			isa = XCBuildConfiguration;
			buildSettings = {
				ALWAYS_SEARCH_USER_PATHS = NO;
				CLANG_ANALYZER_NONNULL = YES;
				CLANG_ANALYZER_NUMBER_OBJECT_CONVERSION = YES_AGGRESSIVE;
				CLANG_CXX_LANGUAGE_STANDARD = "gnu++20";
				CLANG_ENABLE_MODULES = YES;
				CLANG_ENABLE_OBJC_ARC = YES;
				CLANG_ENABLE_OBJC_WEAK = YES;
				CLANG_WARN_BLOCK_CAPTURE_AUTORELEASING = YES;
				CLANG_WARN_BOOL_CONVERSION = YES;
				CLANG_WARN_COMMA = YES;
				CLANG_WARN_CONSTANT_CONVERSION = YES;
				CLANG_WARN_DEPRECATED_OBJC_IMPLEMENTATIONS = YES;
				CLANG_WARN_DIRECT_OBJC_ISA_USAGE = YES_ERROR;
				CLANG_WARN_DOCUMENTATION_COMMENTS = YES;
				CLANG_WARN_EMPTY_BODY = YES;
				CLANG_WARN_ENUM_CONVERSION = YES;
				CLANG_WARN_INFINITE_RECURSION = YES;
				CLANG_WARN_INT_CONVERSION = YES;
				CLANG_WARN_NON_LITERAL_NULL_CONVERSION = YES;
				CLANG_WARN_OBJC_IMPLICIT_RETAIN_SELF = YES;
				CLANG_WARN_OBJC_LITERAL_CONVERSION = YES;
				CLANG_WARN_OBJC_ROOT_CLASS = YES_ERROR;
				CLANG_WARN_QUOTED_INCLUDE_IN_FRAMEWORK_HEADER = YES;
				CLANG_WARN_RANGE_LOOP_ANALYSIS = YES;
				CLANG_WARN_STRICT_PROTOTYPES = YES;
				CLANG_WARN_SUSPICIOUS_MOVE = YES;
				CLANG_WARN_UNGUARDED_AVAILABILITY = YES_AGGRESSIVE;
				CLANG_WARN_UNREACHABLE_CODE = YES;
				CLANG_WARN__DUPLICATE_METHOD_MATCH = YES;
				COPY_PHASE_STRIP = NO;
				DEBUG_INFORMATION_FORMAT = dwarf;
				ENABLE_STRICT_OBJC_MSGSEND = YES;
				ENABLE_TESTABILITY = YES;
				GCC_C_LANGUAGE_STANDARD = gnu11;
				GCC_DYNAMIC_NO_PIC = NO;
				GCC_NO_COMMON_BLOCKS = YES;
				GCC_OPTIMIZATION_LEVEL = 0;
				GCC_PREPROCESSOR_DEFINITIONS = (
					"DEBUG=1",
					"$(inherited)",
				);
				GCC_WARN_64_TO_32_BIT_CONVERSION = YES;
				GCC_WARN_ABOUT_RETURN_TYPE = YES_ERROR;
				GCC_WARN_UNDECLARED_SELECTOR = YES;
				GCC_WARN_UNINITIALIZED_AUTOS = YES_AGGRESSIVE;
				GCC_WARN_UNUSED_FUNCTION = YES;
				GCC_WARN_UNUSED_VARIABLE = YES;
				IPHONEOS_DEPLOYMENT_TARGET = 16.4;
				MTL_ENABLE_DEBUG_INFO = INCLUDE_SOURCE;
				MTL_FAST_MATH = YES;
				ONLY_ACTIVE_ARCH = YES;
				SDKROOT = iphoneos;
				SWIFT_ACTIVE_COMPILATION_CONDITIONS = DEBUG;
				SWIFT_OPTIMIZATION_LEVEL = "-Onone";
			};
			name = Debug;
		};
		5022D01E2A5C2C70003B0AE8 /* Release */ = {
			isa = XCBuildConfiguration;
			buildSettings = {
				ALWAYS_SEARCH_USER_PATHS = NO;
				CLANG_ANALYZER_NONNULL = YES;
				CLANG_ANALYZER_NUMBER_OBJECT_CONVERSION = YES_AGGRESSIVE;
				CLANG_CXX_LANGUAGE_STANDARD = "gnu++20";
				CLANG_ENABLE_MODULES = YES;
				CLANG_ENABLE_OBJC_ARC = YES;
				CLANG_ENABLE_OBJC_WEAK = YES;
				CLANG_WARN_BLOCK_CAPTURE_AUTORELEASING = YES;
				CLANG_WARN_BOOL_CONVERSION = YES;
				CLANG_WARN_COMMA = YES;
				CLANG_WARN_CONSTANT_CONVERSION = YES;
				CLANG_WARN_DEPRECATED_OBJC_IMPLEMENTATIONS = YES;
				CLANG_WARN_DIRECT_OBJC_ISA_USAGE = YES_ERROR;
				CLANG_WARN_DOCUMENTATION_COMMENTS = YES;
				CLANG_WARN_EMPTY_BODY = YES;
				CLANG_WARN_ENUM_CONVERSION = YES;
				CLANG_WARN_INFINITE_RECURSION = YES;
				CLANG_WARN_INT_CONVERSION = YES;
				CLANG_WARN_NON_LITERAL_NULL_CONVERSION = YES;
				CLANG_WARN_OBJC_IMPLICIT_RETAIN_SELF = YES;
				CLANG_WARN_OBJC_LITERAL_CONVERSION = YES;
				CLANG_WARN_OBJC_ROOT_CLASS = YES_ERROR;
				CLANG_WARN_QUOTED_INCLUDE_IN_FRAMEWORK_HEADER = YES;
				CLANG_WARN_RANGE_LOOP_ANALYSIS = YES;
				CLANG_WARN_STRICT_PROTOTYPES = YES;
				CLANG_WARN_SUSPICIOUS_MOVE = YES;
				CLANG_WARN_UNGUARDED_AVAILABILITY = YES_AGGRESSIVE;
				CLANG_WARN_UNREACHABLE_CODE = YES;
				CLANG_WARN__DUPLICATE_METHOD_MATCH = YES;
				COPY_PHASE_STRIP = NO;
				DEBUG_INFORMATION_FORMAT = "dwarf-with-dsym";
				ENABLE_NS_ASSERTIONS = NO;
				ENABLE_STRICT_OBJC_MSGSEND = YES;
				GCC_C_LANGUAGE_STANDARD = gnu11;
				GCC_NO_COMMON_BLOCKS = YES;
				GCC_WARN_64_TO_32_BIT_CONVERSION = YES;
				GCC_WARN_ABOUT_RETURN_TYPE = YES_ERROR;
				GCC_WARN_UNDECLARED_SELECTOR = YES;
				GCC_WARN_UNINITIALIZED_AUTOS = YES_AGGRESSIVE;
				GCC_WARN_UNUSED_FUNCTION = YES;
				GCC_WARN_UNUSED_VARIABLE = YES;
				IPHONEOS_DEPLOYMENT_TARGET = 16.4;
				MTL_ENABLE_DEBUG_INFO = NO;
				MTL_FAST_MATH = YES;
				SDKROOT = iphoneos;
				SWIFT_COMPILATION_MODE = wholemodule;
				SWIFT_OPTIMIZATION_LEVEL = "-O";
				VALIDATE_PRODUCT = YES;
			};
			name = Release;
		};
		5022D0202A5C2C70003B0AE8 /* Debug */ = {
			isa = XCBuildConfiguration;
			buildSettings = {
				ASSETCATALOG_COMPILER_APPICON_NAME = AppIcon;
				ASSETCATALOG_COMPILER_GLOBAL_ACCENT_COLOR_NAME = AccentColor;
				CODE_SIGN_STYLE = Automatic;
				CURRENT_PROJECT_VERSION = 1;
				DEVELOPMENT_ASSET_PATHS = "\"calendar-ios/Preview Content\"";
				DEVELOPMENT_TEAM = MZZSGW7GQ8;
				ENABLE_PREVIEWS = YES;
				GENERATE_INFOPLIST_FILE = YES;
				INFOPLIST_KEY_UIApplicationSceneManifest_Generation = YES;
				INFOPLIST_KEY_UIApplicationSupportsIndirectInputEvents = YES;
				INFOPLIST_KEY_UILaunchScreen_Generation = YES;
				INFOPLIST_KEY_UISupportedInterfaceOrientations_iPad = "UIInterfaceOrientationPortrait UIInterfaceOrientationPortraitUpsideDown UIInterfaceOrientationLandscapeLeft UIInterfaceOrientationLandscapeRight";
				INFOPLIST_KEY_UISupportedInterfaceOrientations_iPhone = "UIInterfaceOrientationPortrait UIInterfaceOrientationLandscapeLeft UIInterfaceOrientationLandscapeRight";
				LD_RUNPATH_SEARCH_PATHS = (
					"$(inherited)",
					"@executable_path/Frameworks",
				);
				MARKETING_VERSION = 1.0;
				PRODUCT_BUNDLE_IDENTIFIER = "com.martinbruland.calendar-ios";
				PRODUCT_NAME = "$(TARGET_NAME)";
				SWIFT_EMIT_LOC_STRINGS = YES;
				SWIFT_VERSION = 5.0;
				TARGETED_DEVICE_FAMILY = "1,2";
			};
			name = Debug;
		};
		5022D0212A5C2C70003B0AE8 /* Release */ = {
			isa = XCBuildConfiguration;
			buildSettings = {
				ASSETCATALOG_COMPILER_APPICON_NAME = AppIcon;
				ASSETCATALOG_COMPILER_GLOBAL_ACCENT_COLOR_NAME = AccentColor;
				CODE_SIGN_STYLE = Automatic;
				CURRENT_PROJECT_VERSION = 1;
				DEVELOPMENT_ASSET_PATHS = "\"calendar-ios/Preview Content\"";
				DEVELOPMENT_TEAM = MZZSGW7GQ8;
				ENABLE_PREVIEWS = YES;
				GENERATE_INFOPLIST_FILE = YES;
				INFOPLIST_KEY_UIApplicationSceneManifest_Generation = YES;
				INFOPLIST_KEY_UIApplicationSupportsIndirectInputEvents = YES;
				INFOPLIST_KEY_UILaunchScreen_Generation = YES;
				INFOPLIST_KEY_UISupportedInterfaceOrientations_iPad = "UIInterfaceOrientationPortrait UIInterfaceOrientationPortraitUpsideDown UIInterfaceOrientationLandscapeLeft UIInterfaceOrientationLandscapeRight";
				INFOPLIST_KEY_UISupportedInterfaceOrientations_iPhone = "UIInterfaceOrientationPortrait UIInterfaceOrientationLandscapeLeft UIInterfaceOrientationLandscapeRight";
				LD_RUNPATH_SEARCH_PATHS = (
					"$(inherited)",
					"@executable_path/Frameworks",
				);
				MARKETING_VERSION = 1.0;
				PRODUCT_BUNDLE_IDENTIFIER = "com.martinbruland.calendar-ios";
				PRODUCT_NAME = "$(TARGET_NAME)";
				SWIFT_EMIT_LOC_STRINGS = YES;
				SWIFT_VERSION = 5.0;
				TARGETED_DEVICE_FAMILY = "1,2";
			};
			name = Release;
		};
		5022D0232A5C2C70003B0AE8 /* Debug */ = {
			isa = XCBuildConfiguration;
			buildSettings = {
				ALWAYS_EMBED_SWIFT_STANDARD_LIBRARIES = YES;
				BUNDLE_LOADER = "$(TEST_HOST)";
				CODE_SIGN_STYLE = Automatic;
				CURRENT_PROJECT_VERSION = 1;
				DEVELOPMENT_TEAM = MZZSGW7GQ8;
				GENERATE_INFOPLIST_FILE = YES;
				IPHONEOS_DEPLOYMENT_TARGET = 16.4;
				MARKETING_VERSION = 1.0;
				PRODUCT_BUNDLE_IDENTIFIER = "com.martinbruland.calendar-iosTests";
				PRODUCT_NAME = "$(TARGET_NAME)";
				SWIFT_EMIT_LOC_STRINGS = NO;
				SWIFT_VERSION = 5.0;
				TARGETED_DEVICE_FAMILY = "1,2";
				TEST_HOST = "$(BUILT_PRODUCTS_DIR)/calendar-ios.app/$(BUNDLE_EXECUTABLE_FOLDER_PATH)/calendar-ios";
			};
			name = Debug;
		};
		5022D0242A5C2C70003B0AE8 /* Release */ = {
			isa = XCBuildConfiguration;
			buildSettings = {
				ALWAYS_EMBED_SWIFT_STANDARD_LIBRARIES = YES;
				BUNDLE_LOADER = "$(TEST_HOST)";
				CODE_SIGN_STYLE = Automatic;
				CURRENT_PROJECT_VERSION = 1;
				DEVELOPMENT_TEAM = MZZSGW7GQ8;
				GENERATE_INFOPLIST_FILE = YES;
				IPHONEOS_DEPLOYMENT_TARGET = 16.4;
				MARKETING_VERSION = 1.0;
				PRODUCT_BUNDLE_IDENTIFIER = "com.martinbruland.calendar-iosTests";
				PRODUCT_NAME = "$(TARGET_NAME)";
				SWIFT_EMIT_LOC_STRINGS = NO;
				SWIFT_VERSION = 5.0;
				TARGETED_DEVICE_FAMILY = "1,2";
				TEST_HOST = "$(BUILT_PRODUCTS_DIR)/calendar-ios.app/$(BUNDLE_EXECUTABLE_FOLDER_PATH)/calendar-ios";
			};
			name = Release;
		};
		5022D0262A5C2C70003B0AE8 /* Debug */ = {
			isa = XCBuildConfiguration;
			buildSettings = {
				ALWAYS_EMBED_SWIFT_STANDARD_LIBRARIES = YES;
				CODE_SIGN_STYLE = Automatic;
				CURRENT_PROJECT_VERSION = 1;
				DEVELOPMENT_TEAM = MZZSGW7GQ8;
				GENERATE_INFOPLIST_FILE = YES;
				MARKETING_VERSION = 1.0;
				PRODUCT_BUNDLE_IDENTIFIER = "com.martinbruland.calendar-iosUITests";
				PRODUCT_NAME = "$(TARGET_NAME)";
				SWIFT_EMIT_LOC_STRINGS = NO;
				SWIFT_VERSION = 5.0;
				TARGETED_DEVICE_FAMILY = "1,2";
				TEST_TARGET_NAME = "calendar-ios";
			};
			name = Debug;
		};
		5022D0272A5C2C70003B0AE8 /* Release */ = {
			isa = XCBuildConfiguration;
			buildSettings = {
				ALWAYS_EMBED_SWIFT_STANDARD_LIBRARIES = YES;
				CODE_SIGN_STYLE = Automatic;
				CURRENT_PROJECT_VERSION = 1;
				DEVELOPMENT_TEAM = MZZSGW7GQ8;
				GENERATE_INFOPLIST_FILE = YES;
				MARKETING_VERSION = 1.0;
				PRODUCT_BUNDLE_IDENTIFIER = "com.martinbruland.calendar-iosUITests";
				PRODUCT_NAME = "$(TARGET_NAME)";
				SWIFT_EMIT_LOC_STRINGS = NO;
				SWIFT_VERSION = 5.0;
				TARGETED_DEVICE_FAMILY = "1,2";
				TEST_TARGET_NAME = "calendar-ios";
			};
			name = Release;
		};
/* End XCBuildConfiguration section */

/* Begin XCConfigurationList section */
		5022CFF62A5C2C6F003B0AE8 /* Build configuration list for PBXProject "calendar-ios" */ = {
			isa = XCConfigurationList;
			buildConfigurations = (
				5022D01D2A5C2C70003B0AE8 /* Debug */,
				5022D01E2A5C2C70003B0AE8 /* Release */,
			);
			defaultConfigurationIsVisible = 0;
			defaultConfigurationName = Release;
		};
		5022D01F2A5C2C70003B0AE8 /* Build configuration list for PBXNativeTarget "calendar-ios" */ = {
			isa = XCConfigurationList;
			buildConfigurations = (
				5022D0202A5C2C70003B0AE8 /* Debug */,
				5022D0212A5C2C70003B0AE8 /* Release */,
			);
			defaultConfigurationIsVisible = 0;
			defaultConfigurationName = Release;
		};
		5022D0222A5C2C70003B0AE8 /* Build configuration list for PBXNativeTarget "calendar-iosTests" */ = {
			isa = XCConfigurationList;
			buildConfigurations = (
				5022D0232A5C2C70003B0AE8 /* Debug */,
				5022D0242A5C2C70003B0AE8 /* Release */,
			);
			defaultConfigurationIsVisible = 0;
			defaultConfigurationName = Release;
		};
		5022D0252A5C2C70003B0AE8 /* Build configuration list for PBXNativeTarget "calendar-iosUITests" */ = {
			isa = XCConfigurationList;
			buildConfigurations = (
				5022D0262A5C2C70003B0AE8 /* Debug */,
				5022D0272A5C2C70003B0AE8 /* Release */,
			);
			defaultConfigurationIsVisible = 0;
			defaultConfigurationName = Release;
		};
/* End XCConfigurationList section */
	};
	rootObject = 5022CFF32A5C2C6F003B0AE8 /* Project object */;
}
